PODS:
  - RxSwift (5.1.1)
  - RxTimer (1.2.3):
    - RxSwift (~> 5.0)

DEPENDENCIES:
  - RxTimer (from `../`)

SPEC REPOS:
  trunk:
    - RxSwift

EXTERNAL SOURCES:
  RxTimer:
    :path: "../"

SPEC CHECKSUMS:
  RxSwift: 81470a2074fa8780320ea5fe4102807cb7118178
  RxTimer: 9b0283e263e1d2ae16734810410a300ce2a7aa36

PODFILE CHECKSUM: 670302d5212c6ca7b3d851b0a7952a75a8672e4c

COCOAPODS: 1.9.3
